
Microsoft Visual Studio Solution File, Format Version 12.00
# Visual Studio Version 17
VisualStudioVersion = 17.5.33516.290
MinimumVisualStudioVersion = 10.0.40219.1
Project("{FAE04EC0-301F-11D3-BF4B-00C04F79EFBC}") = "webapi_test_httprepl", "webapi_test_httprepl\webapi_test_httprepl.csproj", "{B3D09970-6417-476A-A08D-D0CF0772306C}"
EndProject
Project("{FAE04EC0-301F-11D3-BF4B-00C04F79EFBC}") = "minimalAPI_test_httprepl", "minimalAPI_test_httprepl\minimalAPI_test_httprepl.csproj", "{5F07FC84-BBFE-47F2-B78F-C21C8FF462C3}"
EndProject
Global
	GlobalSection(SolutionConfigurationPlatforms) = preSolution
		Debug|Any CPU = Debug|Any CPU
		Release|Any CPU = Release|Any CPU
	EndGlobalSection
	GlobalSection(ProjectConfigurationPlatforms) = postSolution
		{B3D09970-6417-476A-A08D-D0CF0772306C}.Debug|Any CPU.ActiveCfg = Debug|Any CPU
		{B3D09970-6417-476A-A08D-D0CF0772306C}.Debug|Any CPU.Build.0 = Debug|Any CPU
		{B3D09970-6417-476A-A08D-D0CF0772306C}.Release|Any CPU.ActiveCfg = Release|Any CPU
		{B3D09970-6417-476A-A08D-D0CF0772306C}.Release|Any CPU.Build.0 = Release|Any CPU
		{5F07FC84-BBFE-47F2-B78F-C21C8FF462C3}.Debug|Any CPU.ActiveCfg = Debug|Any CPU
		{5F07FC84-BBFE-47F2-B78F-C21C8FF462C3}.Debug|Any CPU.Build.0 = Debug|Any CPU
		{5F07FC84-BBFE-47F2-B78F-C21C8FF462C3}.Release|Any CPU.ActiveCfg = Release|Any CPU
		{5F07FC84-BBFE-47F2-B78F-C21C8FF462C3}.Release|Any CPU.Build.0 = Release|Any CPU
	EndGlobalSection
	GlobalSection(SolutionProperties) = preSolution
		HideSolutionNode = FALSE
	EndGlobalSection
	GlobalSection(ExtensibilityGlobals) = postSolution
		SolutionGuid = {504FDC6E-46E1-48EA-B353-CE9454DB43A8}
	EndGlobalSection
EndGlobal
