
Microsoft Visual Studio Solution File, Format Version 12.00
# Visual Studio Version 17
VisualStudioVersion = 17.4.33103.184
MinimumVisualStudioVersion = 10.0.40219.1
Project("{9A19103F-16F7-4668-BE54-9A1E7A4F7556}") = "deleg2", "deleg2\deleg2.csproj", "{BC25839F-508E-4AA3-9B7D-99A553B83263}"
EndProject
Project("{9A19103F-16F7-4668-BE54-9A1E7A4F7556}") = "csABS_1", "csABS_1\csABS_1.csproj", "{16147FD2-17AF-4F35-93AD-012273AF8643}"
EndProject
Project("{9A19103F-16F7-4668-BE54-9A1E7A4F7556}") = "csABC_2_deleg", "csABC_2_deleg\csABC_2_deleg.csproj", "{25722AFB-7252-451E-860C-8DB80F4314DB}"
EndProject
Project("{9A19103F-16F7-4668-BE54-9A1E7A4F7556}") = "WebApplication1_identity_pages", "WebApplication1_identity_pages\WebApplication1_identity_pages.csproj", "{71907FD1-5B2C-4CB0-BC41-C782665432B0}"
EndProject
Project("{9A19103F-16F7-4668-BE54-9A1E7A4F7556}") = "csABC_3_array", "csABC_3_array\csABC_3_array.csproj", "{0B6151F4-7B39-4BF4-9BE4-6C10DB86B449}"
EndProject
Project("{9A19103F-16F7-4668-BE54-9A1E7A4F7556}") = "csABC_class", "csABC_class\csABC_class.csproj", "{88079D17-1BCA-4637-88C3-B95C9314CC09}"
EndProject
Project("{9A19103F-16F7-4668-BE54-9A1E7A4F7556}") = "csABC_class2_DEFAULTPARAMETERS!!! NET8", "csABC_class2\csABC_class2_DEFAULTPARAMETERS!!! NET8.csproj", "{EE292099-6FF9-48EE-98DD-096B9E5D45AB}"
EndProject
Project("{9A19103F-16F7-4668-BE54-9A1E7A4F7556}") = "csABC_class3", "csABC_class3\csABC_class3.csproj", "{12C0FEBA-132B-4B53-8B39-14D2BB33D851}"
EndProject
Project("{9A19103F-16F7-4668-BE54-9A1E7A4F7556}") = "csABC_class4_REF CLASS", "csABC_class4_REF CLASS\csABC_class4_REF CLASS.csproj", "{C8B2CE34-F3D6-486D-9015-D256B5C6FA5D}"
EndProject
Project("{2150E333-8FDC-42A3-9474-1A3956D46DE8}") = "Basics", "Basics", "{D60EB162-BD76-4DDA-A162-4D1E984D8C0E}"
EndProject
Project("{2150E333-8FDC-42A3-9474-1A3956D46DE8}") = "Orders.Customers.API.IdentityServer", "Orders.Customers.API.IdentityServer", "{8957C30B-D7F5-43A8-B76E-85EBF7C839CF}"
EndProject
Project("{9A19103F-16F7-4668-BE54-9A1E7A4F7556}") = "Authorization.Orders.API", "Authorization.Orders.API\Authorization.Orders.API.csproj", "{3E8ACC01-5F82-407B-A897-5A129937AD0F}"
EndProject
Project("{9A19103F-16F7-4668-BE54-9A1E7A4F7556}") = "Authorization.Users.API", "Authorization.Users.API\Authorization.Users.API.csproj", "{D717AE10-2759-4BE0-82E2-D57709A7E1DA}"
EndProject
Project("{9A19103F-16F7-4668-BE54-9A1E7A4F7556}") = "_namespaces", "_namespaces\_namespaces.csproj", "{935ABCB8-78C6-427A-B0C9-F9AA20353473}"
EndProject
Project("{9A19103F-16F7-4668-BE54-9A1E7A4F7556}") = "firstclasslib", "firstclasslib\firstclasslib.csproj", "{782C2B0A-0D16-407D-B0BF-E208BE87FE44}"
EndProject
Project("{FAE04EC0-301F-11D3-BF4B-00C04F79EFBC}") = "Authorization.IdentityServer.API", "Authorization.IdentityServer.API\Authorization.IdentityServer.API.csproj", "{1121C6D9-DEA9-432F-854E-44EF8150EF86}"
EndProject
Global
	GlobalSection(SolutionConfigurationPlatforms) = preSolution
		Debug|Any CPU = Debug|Any CPU
		Release|Any CPU = Release|Any CPU
	EndGlobalSection
	GlobalSection(ProjectConfigurationPlatforms) = postSolution
		{BC25839F-508E-4AA3-9B7D-99A553B83263}.Debug|Any CPU.ActiveCfg = Debug|Any CPU
		{BC25839F-508E-4AA3-9B7D-99A553B83263}.Debug|Any CPU.Build.0 = Debug|Any CPU
		{BC25839F-508E-4AA3-9B7D-99A553B83263}.Release|Any CPU.ActiveCfg = Release|Any CPU
		{BC25839F-508E-4AA3-9B7D-99A553B83263}.Release|Any CPU.Build.0 = Release|Any CPU
		{16147FD2-17AF-4F35-93AD-012273AF8643}.Debug|Any CPU.ActiveCfg = Debug|Any CPU
		{16147FD2-17AF-4F35-93AD-012273AF8643}.Debug|Any CPU.Build.0 = Debug|Any CPU
		{16147FD2-17AF-4F35-93AD-012273AF8643}.Release|Any CPU.ActiveCfg = Release|Any CPU
		{16147FD2-17AF-4F35-93AD-012273AF8643}.Release|Any CPU.Build.0 = Release|Any CPU
		{25722AFB-7252-451E-860C-8DB80F4314DB}.Debug|Any CPU.ActiveCfg = Debug|Any CPU
		{25722AFB-7252-451E-860C-8DB80F4314DB}.Debug|Any CPU.Build.0 = Debug|Any CPU
		{25722AFB-7252-451E-860C-8DB80F4314DB}.Release|Any CPU.ActiveCfg = Release|Any CPU
		{25722AFB-7252-451E-860C-8DB80F4314DB}.Release|Any CPU.Build.0 = Release|Any CPU
		{71907FD1-5B2C-4CB0-BC41-C782665432B0}.Debug|Any CPU.ActiveCfg = Debug|Any CPU
		{71907FD1-5B2C-4CB0-BC41-C782665432B0}.Debug|Any CPU.Build.0 = Debug|Any CPU
		{71907FD1-5B2C-4CB0-BC41-C782665432B0}.Release|Any CPU.ActiveCfg = Release|Any CPU
		{71907FD1-5B2C-4CB0-BC41-C782665432B0}.Release|Any CPU.Build.0 = Release|Any CPU
		{0B6151F4-7B39-4BF4-9BE4-6C10DB86B449}.Debug|Any CPU.ActiveCfg = Debug|Any CPU
		{0B6151F4-7B39-4BF4-9BE4-6C10DB86B449}.Debug|Any CPU.Build.0 = Debug|Any CPU
		{0B6151F4-7B39-4BF4-9BE4-6C10DB86B449}.Release|Any CPU.ActiveCfg = Release|Any CPU
		{0B6151F4-7B39-4BF4-9BE4-6C10DB86B449}.Release|Any CPU.Build.0 = Release|Any CPU
		{88079D17-1BCA-4637-88C3-B95C9314CC09}.Debug|Any CPU.ActiveCfg = Debug|Any CPU
		{88079D17-1BCA-4637-88C3-B95C9314CC09}.Debug|Any CPU.Build.0 = Debug|Any CPU
		{88079D17-1BCA-4637-88C3-B95C9314CC09}.Release|Any CPU.ActiveCfg = Release|Any CPU
		{88079D17-1BCA-4637-88C3-B95C9314CC09}.Release|Any CPU.Build.0 = Release|Any CPU
		{EE292099-6FF9-48EE-98DD-096B9E5D45AB}.Debug|Any CPU.ActiveCfg = Debug|Any CPU
		{EE292099-6FF9-48EE-98DD-096B9E5D45AB}.Debug|Any CPU.Build.0 = Debug|Any CPU
		{EE292099-6FF9-48EE-98DD-096B9E5D45AB}.Release|Any CPU.ActiveCfg = Release|Any CPU
		{EE292099-6FF9-48EE-98DD-096B9E5D45AB}.Release|Any CPU.Build.0 = Release|Any CPU
		{12C0FEBA-132B-4B53-8B39-14D2BB33D851}.Debug|Any CPU.ActiveCfg = Debug|Any CPU
		{12C0FEBA-132B-4B53-8B39-14D2BB33D851}.Debug|Any CPU.Build.0 = Debug|Any CPU
		{12C0FEBA-132B-4B53-8B39-14D2BB33D851}.Release|Any CPU.ActiveCfg = Release|Any CPU
		{12C0FEBA-132B-4B53-8B39-14D2BB33D851}.Release|Any CPU.Build.0 = Release|Any CPU
		{C8B2CE34-F3D6-486D-9015-D256B5C6FA5D}.Debug|Any CPU.ActiveCfg = Debug|Any CPU
		{C8B2CE34-F3D6-486D-9015-D256B5C6FA5D}.Debug|Any CPU.Build.0 = Debug|Any CPU
		{C8B2CE34-F3D6-486D-9015-D256B5C6FA5D}.Release|Any CPU.ActiveCfg = Release|Any CPU
		{C8B2CE34-F3D6-486D-9015-D256B5C6FA5D}.Release|Any CPU.Build.0 = Release|Any CPU
		{3E8ACC01-5F82-407B-A897-5A129937AD0F}.Debug|Any CPU.ActiveCfg = Debug|Any CPU
		{3E8ACC01-5F82-407B-A897-5A129937AD0F}.Debug|Any CPU.Build.0 = Debug|Any CPU
		{3E8ACC01-5F82-407B-A897-5A129937AD0F}.Release|Any CPU.ActiveCfg = Release|Any CPU
		{3E8ACC01-5F82-407B-A897-5A129937AD0F}.Release|Any CPU.Build.0 = Release|Any CPU
		{D717AE10-2759-4BE0-82E2-D57709A7E1DA}.Debug|Any CPU.ActiveCfg = Debug|Any CPU
		{D717AE10-2759-4BE0-82E2-D57709A7E1DA}.Debug|Any CPU.Build.0 = Debug|Any CPU
		{D717AE10-2759-4BE0-82E2-D57709A7E1DA}.Release|Any CPU.ActiveCfg = Release|Any CPU
		{D717AE10-2759-4BE0-82E2-D57709A7E1DA}.Release|Any CPU.Build.0 = Release|Any CPU
		{935ABCB8-78C6-427A-B0C9-F9AA20353473}.Debug|Any CPU.ActiveCfg = Debug|Any CPU
		{935ABCB8-78C6-427A-B0C9-F9AA20353473}.Debug|Any CPU.Build.0 = Debug|Any CPU
		{935ABCB8-78C6-427A-B0C9-F9AA20353473}.Release|Any CPU.ActiveCfg = Release|Any CPU
		{935ABCB8-78C6-427A-B0C9-F9AA20353473}.Release|Any CPU.Build.0 = Release|Any CPU
		{782C2B0A-0D16-407D-B0BF-E208BE87FE44}.Debug|Any CPU.ActiveCfg = Debug|Any CPU
		{782C2B0A-0D16-407D-B0BF-E208BE87FE44}.Debug|Any CPU.Build.0 = Debug|Any CPU
		{782C2B0A-0D16-407D-B0BF-E208BE87FE44}.Release|Any CPU.ActiveCfg = Release|Any CPU
		{782C2B0A-0D16-407D-B0BF-E208BE87FE44}.Release|Any CPU.Build.0 = Release|Any CPU
		{1121C6D9-DEA9-432F-854E-44EF8150EF86}.Debug|Any CPU.ActiveCfg = Debug|Any CPU
		{1121C6D9-DEA9-432F-854E-44EF8150EF86}.Debug|Any CPU.Build.0 = Debug|Any CPU
		{1121C6D9-DEA9-432F-854E-44EF8150EF86}.Release|Any CPU.ActiveCfg = Release|Any CPU
		{1121C6D9-DEA9-432F-854E-44EF8150EF86}.Release|Any CPU.Build.0 = Release|Any CPU
	EndGlobalSection
	GlobalSection(SolutionProperties) = preSolution
		HideSolutionNode = FALSE
	EndGlobalSection
	GlobalSection(NestedProjects) = preSolution
		{BC25839F-508E-4AA3-9B7D-99A553B83263} = {D60EB162-BD76-4DDA-A162-4D1E984D8C0E}
		{16147FD2-17AF-4F35-93AD-012273AF8643} = {D60EB162-BD76-4DDA-A162-4D1E984D8C0E}
		{25722AFB-7252-451E-860C-8DB80F4314DB} = {D60EB162-BD76-4DDA-A162-4D1E984D8C0E}
		{71907FD1-5B2C-4CB0-BC41-C782665432B0} = {D60EB162-BD76-4DDA-A162-4D1E984D8C0E}
		{0B6151F4-7B39-4BF4-9BE4-6C10DB86B449} = {D60EB162-BD76-4DDA-A162-4D1E984D8C0E}
		{88079D17-1BCA-4637-88C3-B95C9314CC09} = {D60EB162-BD76-4DDA-A162-4D1E984D8C0E}
		{EE292099-6FF9-48EE-98DD-096B9E5D45AB} = {D60EB162-BD76-4DDA-A162-4D1E984D8C0E}
		{12C0FEBA-132B-4B53-8B39-14D2BB33D851} = {D60EB162-BD76-4DDA-A162-4D1E984D8C0E}
		{C8B2CE34-F3D6-486D-9015-D256B5C6FA5D} = {D60EB162-BD76-4DDA-A162-4D1E984D8C0E}
		{3E8ACC01-5F82-407B-A897-5A129937AD0F} = {8957C30B-D7F5-43A8-B76E-85EBF7C839CF}
		{D717AE10-2759-4BE0-82E2-D57709A7E1DA} = {8957C30B-D7F5-43A8-B76E-85EBF7C839CF}
		{935ABCB8-78C6-427A-B0C9-F9AA20353473} = {D60EB162-BD76-4DDA-A162-4D1E984D8C0E}
		{782C2B0A-0D16-407D-B0BF-E208BE87FE44} = {D60EB162-BD76-4DDA-A162-4D1E984D8C0E}
		{1121C6D9-DEA9-432F-854E-44EF8150EF86} = {8957C30B-D7F5-43A8-B76E-85EBF7C839CF}
	EndGlobalSection
	GlobalSection(ExtensibilityGlobals) = postSolution
		SolutionGuid = {94F3055C-51E3-440A-ACD9-CC36DFD434C8}
	EndGlobalSection
EndGlobal
